// !$*UTF8*$!
{
	archiveVersion = 1;
	classes = {
	};
	objectVersion = 56;
	objects = {

/* Begin PBXBuildFile section */
		53E80AEA2D2FC35A00676295 /* AppDelegate.swift in Sources */ = {isa = PBXBuildFile; fileRef = 53E80AE92D2FC35A00676295 /* AppDelegate.swift */; };
		53E80AEC2D2FC35A00676295 /* SceneDelegate.swift in Sources */ = {isa = PBXBuildFile; fileRef = 53E80AEB2D2FC35A00676295 /* SceneDelegate.swift */; };
		53E80AEE2D2FC35A00676295 /* ViewController.swift in Sources */ = {isa = PBXBuildFile; fileRef = 53E80AED2D2FC35A00676295 /* ViewController.swift */; };
		53E80AF12D2FC35A00676295 /* Base in Resources */ = {isa = PBXBuildFile; fileRef = 53E80AF02D2FC35A00676295 /* Base */; };
		53E80AF32D2FC35B00676295 /* Assets.xcassets in Resources */ = {isa = PBXBuildFile; fileRef = 53E80AF22D2FC35B00676295 /* Assets.xcassets */; };
		53E80AF62D2FC35B00676295 /* Base in Resources */ = {isa = PBXBuildFile; fileRef = 53E80AF52D2FC35B00676295 /* Base */; };
		7AC119FC8455F59B676722CD /* libPods-GHLogDemo.a in Frameworks */ = {isa = PBXBuildFile; fileRef = 8DA5A09D853A99C1370E6938 /* libPods-GHLogDemo.a */; };
/* End PBXBuildFile section */

/* Begin PBXFileReference section */
		21EB8C8ADE8031AFA6FF7887 /* Pods-GHLogDemo.release.xcconfig */ = {isa = PBXFileReference; includeInIndex = 1; lastKnownFileType = text.xcconfig; name = "Pods-GHLogDemo.release.xcconfig"; path = "Target Support Files/Pods-GHLogDemo/Pods-GHLogDemo.release.xcconfig"; sourceTree = "<group>"; };
		53E80AE62D2FC35A00676295 /* GHLogDemo.app */ = {isa = PBXFileReference; explicitFileType = wrapper.application; includeInIndex = 0; path = GHLogDemo.app; sourceTree = BUILT_PRODUCTS_DIR; };
		53E80AE92D2FC35A00676295 /* AppDelegate.swift */ = {isa = PBXFileReference; lastKnownFileType = sourcecode.swift; path = AppDelegate.swift; sourceTree = "<group>"; };
		53E80AEB2D2FC35A00676295 /* SceneDelegate.swift */ = {isa = PBXFileReference; lastKnownFileType = sourcecode.swift; path = SceneDelegate.swift; sourceTree = "<group>"; };
		53E80AED2D2FC35A00676295 /* ViewController.swift */ = {isa = PBXFileReference; lastKnownFileType = sourcecode.swift; path = ViewController.swift; sourceTree = "<group>"; };
		53E80AF02D2FC35A00676295 /* Base */ = {isa = PBXFileReference; lastKnownFileType = file.storyboard; name = Base; path = Base.lproj/Main.storyboard; sourceTree = "<group>"; };
		53E80AF22D2FC35B00676295 /* Assets.xcassets */ = {isa = PBXFileReference; lastKnownFileType = folder.assetcatalog; path = Assets.xcassets; sourceTree = "<group>"; };
		53E80AF52D2FC35B00676295 /* Base */ = {isa = PBXFileReference; lastKnownFileType = file.storyboard; name = Base; path = Base.lproj/LaunchScreen.storyboard; sourceTree = "<group>"; };
		53E80AF72D2FC35B00676295 /* Info.plist */ = {isa = PBXFileReference; lastKnownFileType = text.plist.xml; path = Info.plist; sourceTree = "<group>"; };
		53E80B012D2FDBC400676295 /* GHLogDemo-Bridging-Header.h */ = {isa = PBXFileReference; lastKnownFileType = sourcecode.c.h; path = "GHLogDemo-Bridging-Header.h"; sourceTree = "<group>"; };
		8DA5A09D853A99C1370E6938 /* libPods-GHLogDemo.a */ = {isa = PBXFileReference; explicitFileType = archive.ar; includeInIndex = 0; path = "libPods-GHLogDemo.a"; sourceTree = BUILT_PRODUCTS_DIR; };
		D015AEEC1DF81727996362A0 /* Pods-GHLogDemo.debug.xcconfig */ = {isa = PBXFileReference; includeInIndex = 1; lastKnownFileType = text.xcconfig; name = "Pods-GHLogDemo.debug.xcconfig"; path = "Target Support Files/Pods-GHLogDemo/Pods-GHLogDemo.debug.xcconfig"; sourceTree = "<group>"; };
/* End PBXFileReference section */

/* Begin PBXFrameworksBuildPhase section */
		53E80AE32D2FC35A00676295 /* Frameworks */ = {
			isa = PBXFrameworksBuildPhase;
			buildActionMask = 2147483647;
			files = (
				7AC119FC8455F59B676722CD /* libPods-GHLogDemo.a in Frameworks */,
			);
			runOnlyForDeploymentPostprocessing = 0;
		};
/* End PBXFrameworksBuildPhase section */

/* Begin PBXGroup section */
		3FEB021BEF940F1EA4C7A7F5 /* Pods */ = {
			isa = PBXGroup;
			children = (
				D015AEEC1DF81727996362A0 /* Pods-GHLogDemo.debug.xcconfig */,
				21EB8C8ADE8031AFA6FF7887 /* Pods-GHLogDemo.release.xcconfig */,
			);
			path = Pods;
			sourceTree = "<group>";
		};
		53E80ADD2D2FC35A00676295 = {
			isa = PBXGroup;
			children = (
				53E80AE82D2FC35A00676295 /* GHLogDemo */,
				53E80AE72D2FC35A00676295 /* Products */,
				3FEB021BEF940F1EA4C7A7F5 /* Pods */,
				FEE330E02DFAE43AB3F790CD /* Frameworks */,
			);
			sourceTree = "<group>";
		};
		53E80AE72D2FC35A00676295 /* Products */ = {
			isa = PBXGroup;
			children = (
				53E80AE62D2FC35A00676295 /* GHLogDemo.app */,
			);
			name = Products;
			sourceTree = "<group>";
		};
		53E80AE82D2FC35A00676295 /* GHLogDemo */ = {
			isa = PBXGroup;
			children = (
				53E80AE92D2FC35A00676295 /* AppDelegate.swift */,
				53E80AEB2D2FC35A00676295 /* SceneDelegate.swift */,
				53E80AED2D2FC35A00676295 /* ViewController.swift */,
				53E80AEF2D2FC35A00676295 /* Main.storyboard */,
				53E80AF22D2FC35B00676295 /* Assets.xcassets */,
				53E80AF42D2FC35B00676295 /* LaunchScreen.storyboard */,
				53E80AF72D2FC35B00676295 /* Info.plist */,
				53E80B012D2FDBC400676295 /* GHLogDemo-Bridging-Header.h */,
			);
			path = GHLogDemo;
			sourceTree = "<group>";
		};
		FEE330E02DFAE43AB3F790CD /* Frameworks */ = {
			isa = PBXGroup;
			children = (
				8DA5A09D853A99C1370E6938 /* libPods-GHLogDemo.a */,
			);
			name = Frameworks;
			sourceTree = "<group>";
		};
/* End PBXGroup section */

/* Begin PBXNativeTarget section */
		53E80AE52D2FC35A00676295 /* GHLogDemo */ = {
			isa = PBXNativeTarget;
			buildConfigurationList = 53E80AFA2D2FC35B00676295 /* Build configuration list for PBXNativeTarget "GHLogDemo" */;
			buildPhases = (
				48AEE978C18EC3B5146845B3 /* [CP] Check Pods Manifest.lock */,
				53E80AE22D2FC35A00676295 /* Sources */,
				53E80AE32D2FC35A00676295 /* Frameworks */,
				53E80AE42D2FC35A00676295 /* Resources */,
			);
			buildRules = (
			);
			dependencies = (
			);
			name = GHLogDemo;
			productName = GHLogDemo;
			productReference = 53E80AE62D2FC35A00676295 /* GHLogDemo.app */;
			productType = "com.apple.product-type.application";
		};
/* End PBXNativeTarget section */

/* Begin PBXProject section */
		53E80ADE2D2FC35A00676295 /* Project object */ = {
			isa = PBXProject;
			attributes = {
				BuildIndependentTargetsInParallel = 1;
				LastSwiftUpdateCheck = 1540;
				LastUpgradeCheck = 1540;
				TargetAttributes = {
					53E80AE52D2FC35A00676295 = {
						CreatedOnToolsVersion = 15.4;
						LastSwiftMigration = 1540;
					};
				};
			};
			buildConfigurationList = 53E80AE12D2FC35A00676295 /* Build configuration list for PBXProject "GHLogDemo" */;
			compatibilityVersion = "Xcode 14.0";
			developmentRegion = en;
			hasScannedForEncodings = 0;
			knownRegions = (
				en,
				Base,
			);
			mainGroup = 53E80ADD2D2FC35A00676295;
			productRefGroup = 53E80AE72D2FC35A00676295 /* Products */;
			projectDirPath = "";
			projectRoot = "";
			targets = (
				53E80AE52D2FC35A00676295 /* GHLogDemo */,
			);
		};
/* End PBXProject section */

/* Begin PBXResourcesBuildPhase section */
		53E80AE42D2FC35A00676295 /* Resources */ = {
			isa = PBXResourcesBuildPhase;
			buildActionMask = 2147483647;
			files = (
				53E80AF32D2FC35B00676295 /* Assets.xcassets in Resources */,
				53E80AF62D2FC35B00676295 /* Base in Resources */,
				53E80AF12D2FC35A00676295 /* Base in Resources */,
			);
			runOnlyForDeploymentPostprocessing = 0;
		};
/* End PBXResourcesBuildPhase section */

/* Begin PBXShellScriptBuildPhase section */
		48AEE978C18EC3B5146845B3 /* [CP] Check Pods Manifest.lock */ = {
			isa = PBXShellScriptBuildPhase;
			buildActionMask = 2147483647;
			files = (
			);
			inputFileListPaths = (
			);
			inputPaths = (
				"${PODS_PODFILE_DIR_PATH}/Podfile.lock",
				"${PODS_ROOT}/Manifest.lock",
			);
			name = "[CP] Check Pods Manifest.lock";
			outputFileListPaths = (
			);
			outputPaths = (
				"$(DERIVED_FILE_DIR)/Pods-GHLogDemo-checkManifestLockResult.txt",
			);
			runOnlyForDeploymentPostprocessing = 0;
			shellPath = /bin/sh;
			shellScript = "diff \"${PODS_PODFILE_DIR_PATH}/Podfile.lock\" \"${PODS_ROOT}/Manifest.lock\" > /dev/null\nif [ $? != 0 ] ; then\n    # print error to STDERR\n    echo \"error: The sandbox is not in sync with the Podfile.lock. Run 'pod install' or update your CocoaPods installation.\" >&2\n    exit 1\nfi\n# This output is used by Xcode 'outputs' to avoid re-running this script phase.\necho \"SUCCESS\" > \"${SCRIPT_OUTPUT_FILE_0}\"\n";
			showEnvVarsInLog = 0;
		};
/* End PBXShellScriptBuildPhase section */

/* Begin PBXSourcesBuildPhase section */
		53E80AE22D2FC35A00676295 /* Sources */ = {
			isa = PBXSourcesBuildPhase;
			buildActionMask = 2147483647;
			files = (
				53E80AEE2D2FC35A00676295 /* ViewController.swift in Sources */,
				53E80AEA2D2FC35A00676295 /* AppDelegate.swift in Sources */,
				53E80AEC2D2FC35A00676295 /* SceneDelegate.swift in Sources */,
			);
			runOnlyForDeploymentPostprocessing = 0;
		};
/* End PBXSourcesBuildPhase section */

/* Begin PBXVariantGroup section */
		53E80AEF2D2FC35A00676295 /* Main.storyboard */ = {
			isa = PBXVariantGroup;
			children = (
				53E80AF02D2FC35A00676295 /* Base */,
			);
			name = Main.storyboard;
			sourceTree = "<group>";
		};
		53E80AF42D2FC35B00676295 /* LaunchScreen.storyboard */ = {
			isa = PBXVariantGroup;
			children = (
				53E80AF52D2FC35B00676295 /* Base */,
			);
			name = LaunchScreen.storyboard;
			sourceTree = "<group>";
		};
/* End PBXVariantGroup section */

/* Begin XCBuildConfiguration section */
		53E80AF82D2FC35B00676295 /* Debug */ = {
			isa = XCBuildConfiguration;
			buildSettings = {
				ALWAYS_SEARCH_USER_PATHS = NO;
				ASSETCATALOG_COMPILER_GENERATE_SWIFT_ASSET_SYMBOL_EXTENSIONS = YES;
				CLANG_ANALYZER_NONNULL = YES;
				CLANG_ANALYZER_NUMBER_OBJECT_CONVERSION = YES_AGGRESSIVE;
				CLANG_CXX_LANGUAGE_STANDARD = "gnu++20";
				CLANG_ENABLE_MODULES = YES;
				CLANG_ENABLE_OBJC_ARC = YES;
				CLANG_ENABLE_OBJC_WEAK = YES;
				CLANG_WARN_BLOCK_CAPTURE_AUTORELEASING = YES;
				CLANG_WARN_BOOL_CONVERSION = YES;
				CLANG_WARN_COMMA = YES;
				CLANG_WARN_CONSTANT_CONVERSION = YES;
				CLANG_WARN_DEPRECATED_OBJC_IMPLEMENTATIONS = YES;
				CLANG_WARN_DIRECT_OBJC_ISA_USAGE = YES_ERROR;
				CLANG_WARN_DOCUMENTATION_COMMENTS = YES;
				CLANG_WARN_EMPTY_BODY = YES;
				CLANG_WARN_ENUM_CONVERSION = YES;
				CLANG_WARN_INFINITE_RECURSION = YES;
				CLANG_WARN_INT_CONVERSION = YES;
				CLANG_WARN_NON_LITERAL_NULL_CONVERSION = YES;
				CLANG_WARN_OBJC_IMPLICIT_RETAIN_SELF = YES;
				CLANG_WARN_OBJC_LITERAL_CONVERSION = YES;
				CLANG_WARN_OBJC_ROOT_CLASS = YES_ERROR;
				CLANG_WARN_QUOTED_INCLUDE_IN_FRAMEWORK_HEADER = YES;
				CLANG_WARN_RANGE_LOOP_ANALYSIS = YES;
				CLANG_WARN_STRICT_PROTOTYPES = YES;
				CLANG_WARN_SUSPICIOUS_MOVE = YES;
				CLANG_WARN_UNGUARDED_AVAILABILITY = YES_AGGRESSIVE;
				CLANG_WARN_UNREACHABLE_CODE = YES;
				CLANG_WARN__DUPLICATE_METHOD_MATCH = YES;
				COPY_PHASE_STRIP = NO;
				DEBUG_INFORMATION_FORMAT = dwarf;
				ENABLE_STRICT_OBJC_MSGSEND = YES;
				ENABLE_TESTABILITY = YES;
				ENABLE_USER_SCRIPT_SANDBOXING = YES;
				GCC_C_LANGUAGE_STANDARD = gnu17;
				GCC_DYNAMIC_NO_PIC = NO;
				GCC_NO_COMMON_BLOCKS = YES;
				GCC_OPTIMIZATION_LEVEL = 0;
				GCC_PREPROCESSOR_DEFINITIONS = (
					"DEBUG=1",
					"$(inherited)",
				);
				GCC_WARN_64_TO_32_BIT_CONVERSION = YES;
				GCC_WARN_ABOUT_RETURN_TYPE = YES_ERROR;
				GCC_WARN_UNDECLARED_SELECTOR = YES;
				GCC_WARN_UNINITIALIZED_AUTOS = YES_AGGRESSIVE;
				GCC_WARN_UNUSED_FUNCTION = YES;
				GCC_WARN_UNUSED_VARIABLE = YES;
				IPHONEOS_DEPLOYMENT_TARGET = 17.5;
				LOCALIZATION_PREFERS_STRING_CATALOGS = YES;
				MTL_ENABLE_DEBUG_INFO = INCLUDE_SOURCE;
				MTL_FAST_MATH = YES;
				ONLY_ACTIVE_ARCH = YES;
				SDKROOT = iphoneos;
				SWIFT_ACTIVE_COMPILATION_CONDITIONS = "DEBUG $(inherited)";
				SWIFT_OPTIMIZATION_LEVEL = "-Onone";
			};
			name = Debug;
		};
		53E80AF92D2FC35B00676295 /* Release */ = {
			isa = XCBuildConfiguration;
			buildSettings = {
				ALWAYS_SEARCH_USER_PATHS = NO;
				ASSETCATALOG_COMPILER_GENERATE_SWIFT_ASSET_SYMBOL_EXTENSIONS = YES;
				CLANG_ANALYZER_NONNULL = YES;
				CLANG_ANALYZER_NUMBER_OBJECT_CONVERSION = YES_AGGRESSIVE;
				CLANG_CXX_LANGUAGE_STANDARD = "gnu++20";
				CLANG_ENABLE_MODULES = YES;
				CLANG_ENABLE_OBJC_ARC = YES;
				CLANG_ENABLE_OBJC_WEAK = YES;
				CLANG_WARN_BLOCK_CAPTURE_AUTORELEASING = YES;
				CLANG_WARN_BOOL_CONVERSION = YES;
				CLANG_WARN_COMMA = YES;
				CLANG_WARN_CONSTANT_CONVERSION = YES;
				CLANG_WARN_DEPRECATED_OBJC_IMPLEMENTATIONS = YES;
				CLANG_WARN_DIRECT_OBJC_ISA_USAGE = YES_ERROR;
				CLANG_WARN_DOCUMENTATION_COMMENTS = YES;
				CLANG_WARN_EMPTY_BODY = YES;
				CLANG_WARN_ENUM_CONVERSION = YES;
				CLANG_WARN_INFINITE_RECURSION = YES;
				CLANG_WARN_INT_CONVERSION = YES;
				CLANG_WARN_NON_LITERAL_NULL_CONVERSION = YES;
				CLANG_WARN_OBJC_IMPLICIT_RETAIN_SELF = YES;
				CLANG_WARN_OBJC_LITERAL_CONVERSION = YES;
				CLANG_WARN_OBJC_ROOT_CLASS = YES_ERROR;
				CLANG_WARN_QUOTED_INCLUDE_IN_FRAMEWORK_HEADER = YES;
				CLANG_WARN_RANGE_LOOP_ANALYSIS = YES;
				CLANG_WARN_STRICT_PROTOTYPES = YES;
				CLANG_WARN_SUSPICIOUS_MOVE = YES;
				CLANG_WARN_UNGUARDED_AVAILABILITY = YES_AGGRESSIVE;
				CLANG_WARN_UNREACHABLE_CODE = YES;
				CLANG_WARN__DUPLICATE_METHOD_MATCH = YES;
				COPY_PHASE_STRIP = NO;
				DEBUG_INFORMATION_FORMAT = "dwarf-with-dsym";
				ENABLE_NS_ASSERTIONS = NO;
				ENABLE_STRICT_OBJC_MSGSEND = YES;
				ENABLE_USER_SCRIPT_SANDBOXING = YES;
				GCC_C_LANGUAGE_STANDARD = gnu17;
				GCC_NO_COMMON_BLOCKS = YES;
				GCC_WARN_64_TO_32_BIT_CONVERSION = YES;
				GCC_WARN_ABOUT_RETURN_TYPE = YES_ERROR;
				GCC_WARN_UNDECLARED_SELECTOR = YES;
				GCC_WARN_UNINITIALIZED_AUTOS = YES_AGGRESSIVE;
				GCC_WARN_UNUSED_FUNCTION = YES;
				GCC_WARN_UNUSED_VARIABLE = YES;
				IPHONEOS_DEPLOYMENT_TARGET = 17.5;
				LOCALIZATION_PREFERS_STRING_CATALOGS = YES;
				MTL_ENABLE_DEBUG_INFO = NO;
				MTL_FAST_MATH = YES;
				SDKROOT = iphoneos;
				SWIFT_COMPILATION_MODE = wholemodule;
				VALIDATE_PRODUCT = YES;
			};
			name = Release;
		};
		53E80AFB2D2FC35B00676295 /* Debug */ = {
			isa = XCBuildConfiguration;
			baseConfigurationReference = D015AEEC1DF81727996362A0 /* Pods-GHLogDemo.debug.xcconfig */;
			buildSettings = {
				ASSETCATALOG_COMPILER_APPICON_NAME = AppIcon;
				ASSETCATALOG_COMPILER_GLOBAL_ACCENT_COLOR_NAME = AccentColor;
				CLANG_ENABLE_MODULES = YES;
				CODE_SIGN_STYLE = Automatic;
				CURRENT_PROJECT_VERSION = 1;
				DEVELOPMENT_TEAM = X77K95YFU8;
				GENERATE_INFOPLIST_FILE = YES;
				INFOPLIST_FILE = GHLogDemo/Info.plist;
				INFOPLIST_KEY_UIApplicationSupportsIndirectInputEvents = YES;
				INFOPLIST_KEY_UILaunchStoryboardName = LaunchScreen;
				INFOPLIST_KEY_UIMainStoryboardFile = Main;
				INFOPLIST_KEY_UISupportedInterfaceOrientations_iPad = "UIInterfaceOrientationPortrait UIInterfaceOrientationPortraitUpsideDown UIInterfaceOrientationLandscapeLeft UIInterfaceOrientationLandscapeRight";
				INFOPLIST_KEY_UISupportedInterfaceOrientations_iPhone = "UIInterfaceOrientationPortrait UIInterfaceOrientationLandscapeLeft UIInterfaceOrientationLandscapeRight";
				IPHONEOS_DEPLOYMENT_TARGET = 13.0;
				LD_RUNPATH_SEARCH_PATHS = (
					"$(inherited)",
					"@executable_path/Frameworks",
				);
				MARKETING_VERSION = 1.0;
				PRODUCT_BUNDLE_IDENTIFIER = com.brownlee.Demo;
				PRODUCT_NAME = "$(TARGET_NAME)";
				SWIFT_EMIT_LOC_STRINGS = YES;
				SWIFT_OBJC_BRIDGING_HEADER = "GHLogDemo/GHLogDemo-Bridging-Header.h";
				SWIFT_OPTIMIZATION_LEVEL = "-Onone";
				SWIFT_VERSION = 5.0;
				TARGETED_DEVICE_FAMILY = "1,2";
			};
			name = Debug;
		};
		53E80AFC2D2FC35B00676295 /* Release */ = {
			isa = XCBuildConfiguration;
			baseConfigurationReference = 21EB8C8ADE8031AFA6FF7887 /* Pods-GHLogDemo.release.xcconfig */;
			buildSettings = {
				ASSETCATALOG_COMPILER_APPICON_NAME = AppIcon;
				ASSETCATALOG_COMPILER_GLOBAL_ACCENT_COLOR_NAME = AccentColor;
				CLANG_ENABLE_MODULES = YES;
				CODE_SIGN_STYLE = Automatic;
				CURRENT_PROJECT_VERSION = 1;
				DEVELOPMENT_TEAM = X77K95YFU8;
				GENERATE_INFOPLIST_FILE = YES;
				INFOPLIST_FILE = GHLogDemo/Info.plist;
				INFOPLIST_KEY_UIApplicationSupportsIndirectInputEvents = YES;
				INFOPLIST_KEY_UILaunchStoryboardName = LaunchScreen;
				INFOPLIST_KEY_UIMainStoryboardFile = Main;
				INFOPLIST_KEY_UISupportedInterfaceOrientations_iPad = "UIInterfaceOrientationPortrait UIInterfaceOrientationPortraitUpsideDown UIInterfaceOrientationLandscapeLeft UIInterfaceOrientationLandscapeRight";
				INFOPLIST_KEY_UISupportedInterfaceOrientations_iPhone = "UIInterfaceOrientationPortrait UIInterfaceOrientationLandscapeLeft UIInterfaceOrientationLandscapeRight";
				IPHONEOS_DEPLOYMENT_TARGET = 13.0;
				LD_RUNPATH_SEARCH_PATHS = (
					"$(inherited)",
					"@executable_path/Frameworks",
				);
				MARKETING_VERSION = 1.0;
				PRODUCT_BUNDLE_IDENTIFIER = com.brownlee.Demo;
				PRODUCT_NAME = "$(TARGET_NAME)";
				SWIFT_EMIT_LOC_STRINGS = YES;
				SWIFT_OBJC_BRIDGING_HEADER = "GHLogDemo/GHLogDemo-Bridging-Header.h";
				SWIFT_VERSION = 5.0;
				TARGETED_DEVICE_FAMILY = "1,2";
			};
			name = Release;
		};
/* End XCBuildConfiguration section */

/* Begin XCConfigurationList section */
		53E80AE12D2FC35A00676295 /* Build configuration list for PBXProject "GHLogDemo" */ = {
			isa = XCConfigurationList;
			buildConfigurations = (
				53E80AF82D2FC35B00676295 /* Debug */,
				53E80AF92D2FC35B00676295 /* Release */,
			);
			defaultConfigurationIsVisible = 0;
			defaultConfigurationName = Release;
		};
		53E80AFA2D2FC35B00676295 /* Build configuration list for PBXNativeTarget "GHLogDemo" */ = {
			isa = XCConfigurationList;
			buildConfigurations = (
				53E80AFB2D2FC35B00676295 /* Debug */,
				53E80AFC2D2FC35B00676295 /* Release */,
			);
			defaultConfigurationIsVisible = 0;
			defaultConfigurationName = Release;
		};
/* End XCConfigurationList section */
	};
	rootObject = 53E80ADE2D2FC35A00676295 /* Project object */;
}
